
Microsoft Visual Studio Solution File, Format Version 12.00
# Visual Studio Version 16
VisualStudioVersion = 16.0.32802.440
MinimumVisualStudioVersion = 10.0.40219.1
Project("{9A19103F-16F7-4668-BE54-9A1E7A4F7556}") = "KampIntro", "KampIntro\KampIntro.csproj", "{CAE74810-A5DD-4DF9-9B76-23E08529BBFC}"
EndProject
Project("{9A19103F-16F7-4668-BE54-9A1E7A4F7556}") = "Donguler", "Donguler\Donguler.csproj", "{E0D8DB74-0801-45C1-BE26-307D16F53EE7}"
EndProject
Project("{9A19103F-16F7-4668-BE54-9A1E7A4F7556}") = "ClassIntro", "ClassIntro\ClassIntro.csproj", "{34BB1D40-87F9-47B8-8F7C-A25A414D31B7}"
EndProject
Project("{9A19103F-16F7-4668-BE54-9A1E7A4F7556}") = "daytwohomework", "daytwohomework\daytwohomework.csproj", "{976AF793-C543-4F47-8E68-1C84A2E1DC6C}"
EndProject
Project("{FAE04EC0-301F-11D3-BF4B-00C04F79EFBC}") = "Metotlar1", "Metotlar1\Metotlar1.csproj", "{BC3DF234-1332-4354-B2A9-6554E39DDFDC}"
EndProject
Global
	GlobalSection(SolutionConfigurationPlatforms) = preSolution
		Debug|Any CPU = Debug|Any CPU
		Release|Any CPU = Release|Any CPU
	EndGlobalSection
	GlobalSection(ProjectConfigurationPlatforms) = postSolution
		{CAE74810-A5DD-4DF9-9B76-23E08529BBFC}.Debug|Any CPU.ActiveCfg = Debug|Any CPU
		{CAE74810-A5DD-4DF9-9B76-23E08529BBFC}.Debug|Any CPU.Build.0 = Debug|Any CPU
		{CAE74810-A5DD-4DF9-9B76-23E08529BBFC}.Release|Any CPU.ActiveCfg = Release|Any CPU
		{CAE74810-A5DD-4DF9-9B76-23E08529BBFC}.Release|Any CPU.Build.0 = Release|Any CPU
		{E0D8DB74-0801-45C1-BE26-307D16F53EE7}.Debug|Any CPU.ActiveCfg = Debug|Any CPU
		{E0D8DB74-0801-45C1-BE26-307D16F53EE7}.Debug|Any CPU.Build.0 = Debug|Any CPU
		{E0D8DB74-0801-45C1-BE26-307D16F53EE7}.Release|Any CPU.ActiveCfg = Release|Any CPU
		{E0D8DB74-0801-45C1-BE26-307D16F53EE7}.Release|Any CPU.Build.0 = Release|Any CPU
		{34BB1D40-87F9-47B8-8F7C-A25A414D31B7}.Debug|Any CPU.ActiveCfg = Debug|Any CPU
		{34BB1D40-87F9-47B8-8F7C-A25A414D31B7}.Debug|Any CPU.Build.0 = Debug|Any CPU
		{34BB1D40-87F9-47B8-8F7C-A25A414D31B7}.Release|Any CPU.ActiveCfg = Release|Any CPU
		{34BB1D40-87F9-47B8-8F7C-A25A414D31B7}.Release|Any CPU.Build.0 = Release|Any CPU
		{976AF793-C543-4F47-8E68-1C84A2E1DC6C}.Debug|Any CPU.ActiveCfg = Debug|Any CPU
		{976AF793-C543-4F47-8E68-1C84A2E1DC6C}.Debug|Any CPU.Build.0 = Debug|Any CPU
		{976AF793-C543-4F47-8E68-1C84A2E1DC6C}.Release|Any CPU.ActiveCfg = Release|Any CPU
		{976AF793-C543-4F47-8E68-1C84A2E1DC6C}.Release|Any CPU.Build.0 = Release|Any CPU
		{BC3DF234-1332-4354-B2A9-6554E39DDFDC}.Debug|Any CPU.ActiveCfg = Debug|Any CPU
		{BC3DF234-1332-4354-B2A9-6554E39DDFDC}.Debug|Any CPU.Build.0 = Debug|Any CPU
		{BC3DF234-1332-4354-B2A9-6554E39DDFDC}.Release|Any CPU.ActiveCfg = Release|Any CPU
		{BC3DF234-1332-4354-B2A9-6554E39DDFDC}.Release|Any CPU.Build.0 = Release|Any CPU
	EndGlobalSection
	GlobalSection(SolutionProperties) = preSolution
		HideSolutionNode = FALSE
	EndGlobalSection
	GlobalSection(ExtensibilityGlobals) = postSolution
		SolutionGuid = {8889F4B6-9178-48D6-BD6D-015B2E9F1EC7}
	EndGlobalSection
EndGlobal
